
Microsoft Visual Studio Solution File, Format Version 12.00
# Visual Studio Version 16
VisualStudioVersion = 16.0.29102.190
MinimumVisualStudioVersion = 10.0.40219.1
Project("{8BC9CEB8-8B4A-11D0-8D11-00A0C91BC942}") = "k_Means_Zoo", "k_Means_Zoo\k_Means_Zoo.vcxproj", "{067173A7-D6AE-457C-B9EE-4A224EA419AA}"
EndProject
Global
	GlobalSection(SolutionConfigurationPlatforms) = preSolution
		Debug|x64 = Debug|x64
		Debug|x86 = Debug|x86
		Release|x64 = Release|x64
		Release|x86 = Release|x86
	EndGlobalSection
	GlobalSection(ProjectConfigurationPlatforms) = postSolution
		{067173A7-D6AE-457C-B9EE-4A224EA419AA}.Debug|x64.ActiveCfg = Debug|x64
		{067173A7-D6AE-457C-B9EE-4A224EA419AA}.Debug|x64.Build.0 = Debug|x64
		{067173A7-D6AE-457C-B9EE-4A224EA419AA}.Debug|x86.ActiveCfg = Debug|Win32
		{067173A7-D6AE-457C-B9EE-4A224EA419AA}.Debug|x86.Build.0 = Debug|Win32
		{067173A7-D6AE-457C-B9EE-4A224EA419AA}.Release|x64.ActiveCfg = Release|x64
		{067173A7-D6AE-457C-B9EE-4A224EA419AA}.Release|x64.Build.0 = Release|x64
		{067173A7-D6AE-457C-B9EE-4A224EA419AA}.Release|x86.ActiveCfg = Release|Win32
		{067173A7-D6AE-457C-B9EE-4A224EA419AA}.Release|x86.Build.0 = Release|Win32
	EndGlobalSection
	GlobalSection(SolutionProperties) = preSolution
		HideSolutionNode = FALSE
	EndGlobalSection
	GlobalSection(ExtensibilityGlobals) = postSolution
		SolutionGuid = {2028A54F-92FF-476A-9B46-2F07AF8A8068}
	EndGlobalSection
EndGlobal
